
Microsoft Visual Studio Solution File, Format Version 12.00
# Visual Studio Version 17
VisualStudioVersion = 17.5.33530.505
MinimumVisualStudioVersion = 10.0.40219.1
Project("{FAE04EC0-301F-11D3-BF4B-00C04F79EFBC}") = "Blue-Archive-Assets-Converter", "Blue-Archive-Assets-Converter\Blue-Archive-Assets-Converter.csproj", "{CEAAB043-D64A-46F2-BE24-84DB36BD6DF6}"
EndProject
Global
	GlobalSection(SolutionConfigurationPlatforms) = preSolution
		Debug|Any CPU = Debug|Any CPU
		Release|Any CPU = Release|Any CPU
	EndGlobalSection
	GlobalSection(ProjectConfigurationPlatforms) = postSolution
		{CEAAB043-D64A-46F2-BE24-84DB36BD6DF6}.Debug|Any CPU.ActiveCfg = Debug|Any CPU
		{CEAAB043-D64A-46F2-BE24-84DB36BD6DF6}.Debug|Any CPU.Build.0 = Debug|Any CPU
		{CEAAB043-D64A-46F2-BE24-84DB36BD6DF6}.Release|Any CPU.ActiveCfg = Release|Any CPU
		{CEAAB043-D64A-46F2-BE24-84DB36BD6DF6}.Release|Any CPU.Build.0 = Release|Any CPU
	EndGlobalSection
	GlobalSection(SolutionProperties) = preSolution
		HideSolutionNode = FALSE
	EndGlobalSection
	GlobalSection(ExtensibilityGlobals) = postSolution
		SolutionGuid = {05EF3494-1C2F-44F0-AD3A-4D0461A1687A}
	EndGlobalSection
EndGlobal
